// !$*UTF8*$!
{
	archiveVersion = 1;
	classes = {
	};
	objectVersion = 46;
	objects = {

/* Begin PBXBuildFile section */
		ABAAC4671B3B1C5A00F75303 /* AppDelegate.swift in Sources */ = {isa = PBXBuildFile; fileRef = ABAAC4661B3B1C5A00F75303 /* AppDelegate.swift */; };
		ABAAC4691B3B1C5A00F75303 /* ViewController.swift in Sources */ = {isa = PBXBuildFile; fileRef = ABAAC4681B3B1C5A00F75303 /* ViewController.swift */; };
		ABAAC46C1B3B1C5A00F75303 /* Main.storyboard in Resources */ = {isa = PBXBuildFile; fileRef = ABAAC46A1B3B1C5A00F75303 /* Main.storyboard */; };
		ABAAC46E1B3B1C5A00F75303 /* Images.xcassets in Resources */ = {isa = PBXBuildFile; fileRef = ABAAC46D1B3B1C5A00F75303 /* Images.xcassets */; };
		ABAAC4711B3B1C5A00F75303 /* LaunchScreen.xib in Resources */ = {isa = PBXBuildFile; fileRef = ABAAC46F1B3B1C5A00F75303 /* LaunchScreen.xib */; };
		ABAAC47D1B3B1C5A00F75303 /* PostcardTests.swift in Sources */ = {isa = PBXBuildFile; fileRef = ABAAC47C1B3B1C5A00F75303 /* PostcardTests.swift */; };
		ABAAC4871B3B236E00F75303 /* SagradaFamilia.jpeg in Resources */ = {isa = PBXBuildFile; fileRef = ABAAC4861B3B236E00F75303 /* SagradaFamilia.jpeg */; };
		ABAAC4891B3B26B400F75303 /* AlbertEinsteinStamp.jpg in Resources */ = {isa = PBXBuildFile; fileRef = ABAAC4881B3B26B400F75303 /* AlbertEinsteinStamp.jpg */; };
/* End PBXBuildFile section */

/* Begin PBXContainerItemProxy section */
		ABAAC4771B3B1C5A00F75303 /* PBXContainerItemProxy */ = {
			isa = PBXContainerItemProxy;
			containerPortal = ABAAC4591B3B1C5A00F75303 /* Project object */;
			proxyType = 1;
			remoteGlobalIDString = ABAAC4601B3B1C5A00F75303;
			remoteInfo = Postcard;
		};
/* End PBXContainerItemProxy section */

/* Begin PBXFileReference section */
		ABAAC4611B3B1C5A00F75303 /* Postcard.app */ = {isa = PBXFileReference; explicitFileType = wrapper.application; includeInIndex = 0; path = Postcard.app; sourceTree = BUILT_PRODUCTS_DIR; };
		ABAAC4651B3B1C5A00F75303 /* Info.plist */ = {isa = PBXFileReference; lastKnownFileType = text.plist.xml; path = Info.plist; sourceTree = "<group>"; };
		ABAAC4661B3B1C5A00F75303 /* AppDelegate.swift */ = {isa = PBXFileReference; lastKnownFileType = sourcecode.swift; path = AppDelegate.swift; sourceTree = "<group>"; };
		ABAAC4681B3B1C5A00F75303 /* ViewController.swift */ = {isa = PBXFileReference; lastKnownFileType = sourcecode.swift; path = ViewController.swift; sourceTree = "<group>"; };
		ABAAC46B1B3B1C5A00F75303 /* Base */ = {isa = PBXFileReference; lastKnownFileType = file.storyboard; name = Base; path = Base.lproj/Main.storyboard; sourceTree = "<group>"; };
		ABAAC46D1B3B1C5A00F75303 /* Images.xcassets */ = {isa = PBXFileReference; lastKnownFileType = folder.assetcatalog; path = Images.xcassets; sourceTree = "<group>"; };
		ABAAC4701B3B1C5A00F75303 /* Base */ = {isa = PBXFileReference; lastKnownFileType = file.xib; name = Base; path = Base.lproj/LaunchScreen.xib; sourceTree = "<group>"; };
		ABAAC4761B3B1C5A00F75303 /* PostcardTests.xctest */ = {isa = PBXFileReference; explicitFileType = wrapper.cfbundle; includeInIndex = 0; path = PostcardTests.xctest; sourceTree = BUILT_PRODUCTS_DIR; };
		ABAAC47B1B3B1C5A00F75303 /* Info.plist */ = {isa = PBXFileReference; lastKnownFileType = text.plist.xml; path = Info.plist; sourceTree = "<group>"; };
		ABAAC47C1B3B1C5A00F75303 /* PostcardTests.swift */ = {isa = PBXFileReference; lastKnownFileType = sourcecode.swift; path = PostcardTests.swift; sourceTree = "<group>"; };
		ABAAC4861B3B236E00F75303 /* SagradaFamilia.jpeg */ = {isa = PBXFileReference; lastKnownFileType = image.jpeg; path = SagradaFamilia.jpeg; sourceTree = "<group>"; };
		ABAAC4881B3B26B400F75303 /* AlbertEinsteinStamp.jpg */ = {isa = PBXFileReference; lastKnownFileType = image.jpeg; path = AlbertEinsteinStamp.jpg; sourceTree = "<group>"; };
/* End PBXFileReference section */

/* Begin PBXFrameworksBuildPhase section */
		ABAAC45E1B3B1C5A00F75303 /* Frameworks */ = {
			isa = PBXFrameworksBuildPhase;
			buildActionMask = 2147483647;
			files = (
			);
			runOnlyForDeploymentPostprocessing = 0;
		};
		ABAAC4731B3B1C5A00F75303 /* Frameworks */ = {
			isa = PBXFrameworksBuildPhase;
			buildActionMask = 2147483647;
			files = (
			);
			runOnlyForDeploymentPostprocessing = 0;
		};
/* End PBXFrameworksBuildPhase section */

/* Begin PBXGroup section */
		ABAAC4581B3B1C5A00F75303 = {
			isa = PBXGroup;
			children = (
				ABAAC4631B3B1C5A00F75303 /* Postcard */,
				ABAAC4791B3B1C5A00F75303 /* PostcardTests */,
				ABAAC4621B3B1C5A00F75303 /* Products */,
			);
			sourceTree = "<group>";
		};
		ABAAC4621B3B1C5A00F75303 /* Products */ = {
			isa = PBXGroup;
			children = (
				ABAAC4611B3B1C5A00F75303 /* Postcard.app */,
				ABAAC4761B3B1C5A00F75303 /* PostcardTests.xctest */,
			);
			name = Products;
			sourceTree = "<group>";
		};
		ABAAC4631B3B1C5A00F75303 /* Postcard */ = {
			isa = PBXGroup;
			children = (
				ABAAC4661B3B1C5A00F75303 /* AppDelegate.swift */,
				ABAAC4681B3B1C5A00F75303 /* ViewController.swift */,
				ABAAC46A1B3B1C5A00F75303 /* Main.storyboard */,
				ABAAC46D1B3B1C5A00F75303 /* Images.xcassets */,
				ABAAC46F1B3B1C5A00F75303 /* LaunchScreen.xib */,
				ABAAC4641B3B1C5A00F75303 /* Supporting Files */,
			);
			path = Postcard;
			sourceTree = "<group>";
		};
		ABAAC4641B3B1C5A00F75303 /* Supporting Files */ = {
			isa = PBXGroup;
			children = (
				ABAAC4881B3B26B400F75303 /* AlbertEinsteinStamp.jpg */,
				ABAAC4861B3B236E00F75303 /* SagradaFamilia.jpeg */,
				ABAAC4651B3B1C5A00F75303 /* Info.plist */,
			);
			name = "Supporting Files";
			sourceTree = "<group>";
		};
		ABAAC4791B3B1C5A00F75303 /* PostcardTests */ = {
			isa = PBXGroup;
			children = (
				ABAAC47C1B3B1C5A00F75303 /* PostcardTests.swift */,
				ABAAC47A1B3B1C5A00F75303 /* Supporting Files */,
			);
			path = PostcardTests;
			sourceTree = "<group>";
		};
		ABAAC47A1B3B1C5A00F75303 /* Supporting Files */ = {
			isa = PBXGroup;
			children = (
				ABAAC47B1B3B1C5A00F75303 /* Info.plist */,
			);
			name = "Supporting Files";
			sourceTree = "<group>";
		};
/* End PBXGroup section */

/* Begin PBXNativeTarget section */
		ABAAC4601B3B1C5A00F75303 /* Postcard */ = {
			isa = PBXNativeTarget;
			buildConfigurationList = ABAAC4801B3B1C5A00F75303 /* Build configuration list for PBXNativeTarget "Postcard" */;
			buildPhases = (
				ABAAC45D1B3B1C5A00F75303 /* Sources */,
				ABAAC45E1B3B1C5A00F75303 /* Frameworks */,
				ABAAC45F1B3B1C5A00F75303 /* Resources */,
			);
			buildRules = (
			);
			dependencies = (
			);
			name = Postcard;
			productName = Postcard;
			productReference = ABAAC4611B3B1C5A00F75303 /* Postcard.app */;
			productType = "com.apple.product-type.application";
		};
		ABAAC4751B3B1C5A00F75303 /* PostcardTests */ = {
			isa = PBXNativeTarget;
			buildConfigurationList = ABAAC4831B3B1C5A00F75303 /* Build configuration list for PBXNativeTarget "PostcardTests" */;
			buildPhases = (
				ABAAC4721B3B1C5A00F75303 /* Sources */,
				ABAAC4731B3B1C5A00F75303 /* Frameworks */,
				ABAAC4741B3B1C5A00F75303 /* Resources */,
			);
			buildRules = (
			);
			dependencies = (
				ABAAC4781B3B1C5A00F75303 /* PBXTargetDependency */,
			);
			name = PostcardTests;
			productName = PostcardTests;
			productReference = ABAAC4761B3B1C5A00F75303 /* PostcardTests.xctest */;
			productType = "com.apple.product-type.bundle.unit-test";
		};
/* End PBXNativeTarget section */

/* Begin PBXProject section */
		ABAAC4591B3B1C5A00F75303 /* Project object */ = {
			isa = PBXProject;
			attributes = {
				LastUpgradeCheck = 0630;
				ORGANIZATIONNAME = "Jonathan Hocks";
				TargetAttributes = {
					ABAAC4601B3B1C5A00F75303 = {
						CreatedOnToolsVersion = 6.3.2;
					};
					ABAAC4751B3B1C5A00F75303 = {
						CreatedOnToolsVersion = 6.3.2;
						TestTargetID = ABAAC4601B3B1C5A00F75303;
					};
				};
			};
			buildConfigurationList = ABAAC45C1B3B1C5A00F75303 /* Build configuration list for PBXProject "Postcard" */;
			compatibilityVersion = "Xcode 3.2";
			developmentRegion = English;
			hasScannedForEncodings = 0;
			knownRegions = (
				en,
				Base,
			);
			mainGroup = ABAAC4581B3B1C5A00F75303;
			productRefGroup = ABAAC4621B3B1C5A00F75303 /* Products */;
			projectDirPath = "";
			projectRoot = "";
			targets = (
				ABAAC4601B3B1C5A00F75303 /* Postcard */,
				ABAAC4751B3B1C5A00F75303 /* PostcardTests */,
			);
		};
/* End PBXProject section */

/* Begin PBXResourcesBuildPhase section */
		ABAAC45F1B3B1C5A00F75303 /* Resources */ = {
			isa = PBXResourcesBuildPhase;
			buildActionMask = 2147483647;
			files = (
				ABAAC46C1B3B1C5A00F75303 /* Main.storyboard in Resources */,
				ABAAC4871B3B236E00F75303 /* SagradaFamilia.jpeg in Resources */,
				ABAAC4891B3B26B400F75303 /* AlbertEinsteinStamp.jpg in Resources */,
				ABAAC4711B3B1C5A00F75303 /* LaunchScreen.xib in Resources */,
				ABAAC46E1B3B1C5A00F75303 /* Images.xcassets in Resources */,
			);
			runOnlyForDeploymentPostprocessing = 0;
		};
		ABAAC4741B3B1C5A00F75303 /* Resources */ = {
			isa = PBXResourcesBuildPhase;
			buildActionMask = 2147483647;
			files = (
			);
			runOnlyForDeploymentPostprocessing = 0;
		};
/* End PBXResourcesBuildPhase section */

/* Begin PBXSourcesBuildPhase section */
		ABAAC45D1B3B1C5A00F75303 /* Sources */ = {
			isa = PBXSourcesBuildPhase;
			buildActionMask = 2147483647;
			files = (
				ABAAC4691B3B1C5A00F75303 /* ViewController.swift in Sources */,
				ABAAC4671B3B1C5A00F75303 /* AppDelegate.swift in Sources */,
			);
			runOnlyForDeploymentPostprocessing = 0;
		};
		ABAAC4721B3B1C5A00F75303 /* Sources */ = {
			isa = PBXSourcesBuildPhase;
			buildActionMask = 2147483647;
			files = (
				ABAAC47D1B3B1C5A00F75303 /* PostcardTests.swift in Sources */,
			);
			runOnlyForDeploymentPostprocessing = 0;
		};
/* End PBXSourcesBuildPhase section */

/* Begin PBXTargetDependency section */
		ABAAC4781B3B1C5A00F75303 /* PBXTargetDependency */ = {
			isa = PBXTargetDependency;
			target = ABAAC4601B3B1C5A00F75303 /* Postcard */;
			targetProxy = ABAAC4771B3B1C5A00F75303 /* PBXContainerItemProxy */;
		};
/* End PBXTargetDependency section */

/* Begin PBXVariantGroup section */
		ABAAC46A1B3B1C5A00F75303 /* Main.storyboard */ = {
			isa = PBXVariantGroup;
			children = (
				ABAAC46B1B3B1C5A00F75303 /* Base */,
			);
			name = Main.storyboard;
			sourceTree = "<group>";
		};
		ABAAC46F1B3B1C5A00F75303 /* LaunchScreen.xib */ = {
			isa = PBXVariantGroup;
			children = (
				ABAAC4701B3B1C5A00F75303 /* Base */,
			);
			name = LaunchScreen.xib;
			sourceTree = "<group>";
		};
/* End PBXVariantGroup section */

/* Begin XCBuildConfiguration section */
		ABAAC47E1B3B1C5A00F75303 /* Debug */ = {
			isa = XCBuildConfiguration;
			buildSettings = {
				ALWAYS_SEARCH_USER_PATHS = NO;
				CLANG_CXX_LANGUAGE_STANDARD = "gnu++0x";
				CLANG_CXX_LIBRARY = "libc++";
				CLANG_ENABLE_MODULES = YES;
				CLANG_ENABLE_OBJC_ARC = YES;
				CLANG_WARN_BOOL_CONVERSION = YES;
				CLANG_WARN_CONSTANT_CONVERSION = YES;
				CLANG_WARN_DIRECT_OBJC_ISA_USAGE = YES_ERROR;
				CLANG_WARN_EMPTY_BODY = YES;
				CLANG_WARN_ENUM_CONVERSION = YES;
				CLANG_WARN_INT_CONVERSION = YES;
				CLANG_WARN_OBJC_ROOT_CLASS = YES_ERROR;
				CLANG_WARN_UNREACHABLE_CODE = YES;
				CLANG_WARN__DUPLICATE_METHOD_MATCH = YES;
				"CODE_SIGN_IDENTITY[sdk=iphoneos*]" = "iPhone Developer";
				COPY_PHASE_STRIP = NO;
				DEBUG_INFORMATION_FORMAT = "dwarf-with-dsym";
				ENABLE_STRICT_OBJC_MSGSEND = YES;
				GCC_C_LANGUAGE_STANDARD = gnu99;
				GCC_DYNAMIC_NO_PIC = NO;
				GCC_NO_COMMON_BLOCKS = YES;
				GCC_OPTIMIZATION_LEVEL = 0;
				GCC_PREPROCESSOR_DEFINITIONS = (
					"DEBUG=1",
					"$(inherited)",
				);
				GCC_SYMBOLS_PRIVATE_EXTERN = NO;
				GCC_WARN_64_TO_32_BIT_CONVERSION = YES;
				GCC_WARN_ABOUT_RETURN_TYPE = YES_ERROR;
				GCC_WARN_UNDECLARED_SELECTOR = YES;
				GCC_WARN_UNINITIALIZED_AUTOS = YES_AGGRESSIVE;
				GCC_WARN_UNUSED_FUNCTION = YES;
				GCC_WARN_UNUSED_VARIABLE = YES;
				IPHONEOS_DEPLOYMENT_TARGET = 8.3;
				MTL_ENABLE_DEBUG_INFO = YES;
				ONLY_ACTIVE_ARCH = YES;
				SDKROOT = iphoneos;
				SWIFT_OPTIMIZATION_LEVEL = "-Onone";
				TARGETED_DEVICE_FAMILY = "1,2";
			};
			name = Debug;
		};
		ABAAC47F1B3B1C5A00F75303 /* Release */ = {
			isa = XCBuildConfiguration;
			buildSettings = {
				ALWAYS_SEARCH_USER_PATHS = NO;
				CLANG_CXX_LANGUAGE_STANDARD = "gnu++0x";
				CLANG_CXX_LIBRARY = "libc++";
				CLANG_ENABLE_MODULES = YES;
				CLANG_ENABLE_OBJC_ARC = YES;
				CLANG_WARN_BOOL_CONVERSION = YES;
				CLANG_WARN_CONSTANT_CONVERSION = YES;
				CLANG_WARN_DIRECT_OBJC_ISA_USAGE = YES_ERROR;
				CLANG_WARN_EMPTY_BODY = YES;
				CLANG_WARN_ENUM_CONVERSION = YES;
				CLANG_WARN_INT_CONVERSION = YES;
				CLANG_WARN_OBJC_ROOT_CLASS = YES_ERROR;
				CLANG_WARN_UNREACHABLE_CODE = YES;
				CLANG_WARN__DUPLICATE_METHOD_MATCH = YES;
				"CODE_SIGN_IDENTITY[sdk=iphoneos*]" = "iPhone Developer";
				COPY_PHASE_STRIP = NO;
				DEBUG_INFORMATION_FORMAT = "dwarf-with-dsym";
				ENABLE_NS_ASSERTIONS = NO;
				ENABLE_STRICT_OBJC_MSGSEND = YES;
				GCC_C_LANGUAGE_STANDARD = gnu99;
				GCC_NO_COMMON_BLOCKS = YES;
				GCC_WARN_64_TO_32_BIT_CONVERSION = YES;
				GCC_WARN_ABOUT_RETURN_TYPE = YES_ERROR;
				GCC_WARN_UNDECLARED_SELECTOR = YES;
				GCC_WARN_UNINITIALIZED_AUTOS = YES_AGGRESSIVE;
				GCC_WARN_UNUSED_FUNCTION = YES;
				GCC_WARN_UNUSED_VARIABLE = YES;
				IPHONEOS_DEPLOYMENT_TARGET = 8.3;
				MTL_ENABLE_DEBUG_INFO = NO;
				SDKROOT = iphoneos;
				TARGETED_DEVICE_FAMILY = "1,2";
				VALIDATE_PRODUCT = YES;
			};
			name = Release;
		};
		ABAAC4811B3B1C5A00F75303 /* Debug */ = {
			isa = XCBuildConfiguration;
			buildSettings = {
				ASSETCATALOG_COMPILER_APPICON_NAME = AppIcon;
				INFOPLIST_FILE = Postcard/Info.plist;
				LD_RUNPATH_SEARCH_PATHS = "$(inherited) @executable_path/Frameworks";
				PRODUCT_NAME = "$(TARGET_NAME)";
			};
			name = Debug;
		};
		ABAAC4821B3B1C5A00F75303 /* Release */ = {
			isa = XCBuildConfiguration;
			buildSettings = {
				ASSETCATALOG_COMPILER_APPICON_NAME = AppIcon;
				INFOPLIST_FILE = Postcard/Info.plist;
				LD_RUNPATH_SEARCH_PATHS = "$(inherited) @executable_path/Frameworks";
				PRODUCT_NAME = "$(TARGET_NAME)";
			};
			name = Release;
		};
		ABAAC4841B3B1C5A00F75303 /* Debug */ = {
			isa = XCBuildConfiguration;
			buildSettings = {
				BUNDLE_LOADER = "$(TEST_HOST)";
				FRAMEWORK_SEARCH_PATHS = (
					"$(SDKROOT)/Developer/Library/Frameworks",
					"$(inherited)",
				);
				GCC_PREPROCESSOR_DEFINITIONS = (
					"DEBUG=1",
					"$(inherited)",
				);
				INFOPLIST_FILE = PostcardTests/Info.plist;
				LD_RUNPATH_SEARCH_PATHS = "$(inherited) @executable_path/Frameworks @loader_path/Frameworks";
				PRODUCT_NAME = "$(TARGET_NAME)";
				TEST_HOST = "$(BUILT_PRODUCTS_DIR)/Postcard.app/Postcard";
			};
			name = Debug;
		};
		ABAAC4851B3B1C5A00F75303 /* Release */ = {
			isa = XCBuildConfiguration;
			buildSettings = {
				BUNDLE_LOADER = "$(TEST_HOST)";
				FRAMEWORK_SEARCH_PATHS = (
					"$(SDKROOT)/Developer/Library/Frameworks",
					"$(inherited)",
				);
				INFOPLIST_FILE = PostcardTests/Info.plist;
				LD_RUNPATH_SEARCH_PATHS = "$(inherited) @executable_path/Frameworks @loader_path/Frameworks";
				PRODUCT_NAME = "$(TARGET_NAME)";
				TEST_HOST = "$(BUILT_PRODUCTS_DIR)/Postcard.app/Postcard";
			};
			name = Release;
		};
/* End XCBuildConfiguration section */

/* Begin XCConfigurationList section */
		ABAAC45C1B3B1C5A00F75303 /* Build configuration list for PBXProject "Postcard" */ = {
			isa = XCConfigurationList;
			buildConfigurations = (
				ABAAC47E1B3B1C5A00F75303 /* Debug */,
				ABAAC47F1B3B1C5A00F75303 /* Release */,
			);
			defaultConfigurationIsVisible = 0;
			defaultConfigurationName = Release;
		};
		ABAAC4801B3B1C5A00F75303 /* Build configuration list for PBXNativeTarget "Postcard" */ = {
			isa = XCConfigurationList;
			buildConfigurations = (
				ABAAC4811B3B1C5A00F75303 /* Debug */,
				ABAAC4821B3B1C5A00F75303 /* Release */,
			);
			defaultConfigurationIsVisible = 0;
		};
		ABAAC4831B3B1C5A00F75303 /* Build configuration list for PBXNativeTarget "PostcardTests" */ = {
			isa = XCConfigurationList;
			buildConfigurations = (
				ABAAC4841B3B1C5A00F75303 /* Debug */,
				ABAAC4851B3B1C5A00F75303 /* Release */,
			);
			defaultConfigurationIsVisible = 0;
		};
/* End XCConfigurationList section */
	};
	rootObject = ABAAC4591B3B1C5A00F75303 /* Project object */;
}
